<?xml version="1.0" encoding="utf-8"?>
<Project ToolsVersion="4.0" xmlns="http://schemas.microsoft.com/developer/msbuild/2003">
  <ItemGroup>
    <Filter Include="Source Files">
      <UniqueIdentifier>{4FC737F1-C7A5-4376-A066-2A32D752A2FF}</UniqueIdentifier>
      <Extensions>cpp;c;cc;cxx;c++;cppm;ixx;def;odl;idl;hpj;bat;asm;asmx</Extensions>
    </Filter>
    <Filter Include="Header Files">
      <UniqueIdentifier>{93995380-89BD-4b04-88EB-625FBE52EBFB}</UniqueIdentifier>
      <Extensions>h;hh;hpp;hxx;h++;hm;inl;inc;ipp;xsd</Extensions>
    </Filter>
    <Filter Include="Resource Files">
      <UniqueIdentifier>{67DA6AB6-F800-4c08-8B7A-83BB121AAD01}</UniqueIdentifier>
      <Extensions>rc;ico;cur;bmp;dlg;rc2;rct;bin;rgs;gif;jpg;jpeg;jpe;resx;tiff;tif;png;wav;mfcribbon-ms</Extensions>
    </Filter>
  </ItemGroup>
  <ItemGroup>
    <ClInclude Include="pch.h">
      <Filter>Header Files</Filter>
    </ClInclude>
    <ClInclude Include="linalg\ArithmeticBasic.h">
      <Filter>Header Files</Filter>
    </ClInclude>
    <ClInclude Include="Array.h">
      <Filter>Header Files</Filter>
    </ClInclude>
    <ClInclude Include="ArrayFactory.h">
      <Filter>Header Files</Filter>
    </ClInclude>
    <ClInclude Include="linalg\ArithmeticChained.h">
      <Filter>Header Files</Filter>
    </ClInclude>
    <ClInclude Include="Reshaper.h">
      <Filter>Header Files</Filter>
    </ClInclude>
    <ClInclude Include="image\inner\convolution1D.h">
      <Filter>Header Files</Filter>
    </ClInclude>
    <ClInclude Include="image\inner\DerivativeCalculator.h">
      <Filter>Header Files</Filter>
    </ClInclude>
    <ClInclude Include="Statistics.h">
      <Filter>Header Files</Filter>
    </ClInclude>
    <ClInclude Include="image\warper\GrayWarper.h">
      <Filter>Header Files</Filter>
    </ClInclude>
    <ClInclude Include="image\inner\ArrayHelper.h">
      <Filter>Header Files</Filter>
    </ClInclude>
    <ClInclude Include="image\inner\BicubicInterpolate.h">
      <Filter>Header Files</Filter>
    </ClInclude>
    <ClInclude Include="sb_linearsystem\SunBakerLSUpdater.h">
      <Filter>Header Files</Filter>
    </ClInclude>
    <ClInclude Include="image\inner\convolution2D.h">
      <Filter>Header Files</Filter>
    </ClInclude>
    <ClInclude Include="sb_linearsystem\SunBakerLinearOp.h">
      <Filter>Header Files</Filter>
    </ClInclude>
    <ClInclude Include="penalty\QuadraticPenalty.h">
      <Filter>Header Files</Filter>
    </ClInclude>
    <ClInclude Include="linalg\ArithmeticVector.h">
      <Filter>Header Files</Filter>
    </ClInclude>
    <ClInclude Include="flow\CrossBilateralMedianFilter.h">
      <Filter>Header Files</Filter>
    </ClInclude>
    <ClInclude Include="image\inner\IteratorHelper.h">
      <Filter>Header Files</Filter>
    </ClInclude>
    <ClInclude Include="flow\inner\LogOcclusion.h">
      <Filter>Header Files</Filter>
    </ClInclude>
    <ClInclude Include="flow\inner\BilateralMedian.h">
      <Filter>Header Files</Filter>
    </ClInclude>
    <ClInclude Include="image\inner\BilinearInterpolate.h">
      <Filter>Header Files</Filter>
    </ClInclude>
    <ClInclude Include="image\inner\WarpLinearColorImage.h">
      <Filter>Header Files</Filter>
    </ClInclude>
  </ItemGroup>
  <ItemGroup>
    <ClCompile Include="pch.cpp">
      <Filter>Source Files</Filter>
    </ClCompile>
    <ClCompile Include="image\warper\GrayWarper.cpp">
      <Filter>Source Files</Filter>
    </ClCompile>
    <ClCompile Include="sb_linearsystem\SunBakerLSUpdater.cpp">
      <Filter>Source Files</Filter>
    </ClCompile>
    <ClCompile Include="sb_linearsystem\SunBakerLinearOp.cpp">
      <Filter>Source Files</Filter>
    </ClCompile>
    <ClCompile Include="penalty\QuadraticPenalty.cpp">
      <Filter>Source Files</Filter>
    </ClCompile>
    <ClCompile Include="flow\CrossBilateralMedianFilter.cpp">
      <Filter>Source Files</Filter>
    </ClCompile>
    <ClCompile Include="flow\inner\LogOcclusion.cpp">
      <Filter>Source Files</Filter>
    </ClCompile>
    <ClCompile Include="flow\inner\BilateralMedian.cpp">
      <Filter>Source Files</Filter>
    </ClCompile>
    <ClCompile Include="image\inner\WarpLinearColorImage.cpp">
      <Filter>Source Files</Filter>
    </ClCompile>
  </ItemGroup>
  <ItemGroup>
    <None Include="packages.config" />
  </ItemGroup>
</Project>