<?xml version="1.0" encoding="utf-8"?>
<Project ToolsVersion="4.0" xmlns="http://schemas.microsoft.com/developer/msbuild/2003">
  <ItemGroup>
    <ClCompile Include="test.cpp" />
    <ClCompile Include="solver\problem\FakeGrayCrossProblem.cpp" />
    <ClCompile Include="solver\problem\FakeGrayCrossPenaltyProblem.cpp" />
    <ClCompile Include="main.cpp" />
    <ClCompile Include="$(MSBuildThisFileDirectory)..\..\lib\native\src\gtest\gtest-all.cc" />
    <ClCompile Include="$(MSBuildThisFileDirectory)..\..\lib\native\src\gmock\gmock-all.cc" />
    <ClCompile Include="pyramid\FakeIPyramid.cpp" />
    <ClCompile Include="pyramid\FakeIPyramidBuilder.cpp" />
    <ClCompile Include="solver\problem\FakeLinearProblem.cpp" />
  </ItemGroup>
  <ItemGroup>
    <ClInclude Include="MockIArray.h" />
    <ClInclude Include="solver\MockIFlowFieldSolver.h" />
    <ClInclude Include="penalty\MockIBlenablePenalty.h" />
    <ClInclude Include="penalty\MockIPenalty.h" />
    <ClInclude Include="MockIArrayFactoryD3.h" />
    <ClInclude Include="solver\problem\FakeGrayCrossProblem.h" />
    <ClInclude Include="solver\problem\MockIProblemFactory.h" />
    <ClInclude Include="solver\problem\FakeGrayCrossPenaltyProblem.h" />
    <ClInclude Include="flow\MockIFlowScaler.h" />
    <ClInclude Include="pyramid\FakeIPyramid.h" />
    <ClInclude Include="pyramid\FakeIPyramidBuilder.h" />
    <ClInclude Include="flow\MockICrossFlowFilter.h" />
    <ClInclude Include="solver\problem\MockILinearProblem.h" />
    <ClInclude Include="image\MockIGrayWarper.h" />
    <ClInclude Include="linalg\MockIArithmeticBasic.h" />
    <ClInclude Include="MockIReshaperD.h" />
    <ClInclude Include="solver\MockILinearSolverD.h" />
    <ClInclude Include="linalg\MockIArithmeticVector.h" />
    <ClInclude Include="MockIArrayFactory1D.h" />
    <ClInclude Include="linalg\MockILinearOperator.h" />
    <ClInclude Include="solver\problem\FakeLinearProblem.h" />
    <ClInclude Include="linalg\MockIArithmeticChained.h" />
  </ItemGroup>
  <ItemGroup>
    <None Include="packages.config" />
  </ItemGroup>
</Project>