<?xml version="1.0" encoding="utf-8"?>
<Project ToolsVersion="4.0" xmlns="http://schemas.microsoft.com/developer/msbuild/2003">
  <ItemGroup>
    <Filter Include="Source Files">
      <UniqueIdentifier>{4FC737F1-C7A5-4376-A066-2A32D752A2FF}</UniqueIdentifier>
      <Extensions>cpp;c;cc;cxx;c++;cppm;ixx;def;odl;idl;hpj;bat;asm;asmx</Extensions>
    </Filter>
    <Filter Include="Header Files">
      <UniqueIdentifier>{93995380-89BD-4b04-88EB-625FBE52EBFB}</UniqueIdentifier>
      <Extensions>h;hh;hpp;hxx;h++;hm;inl;inc;ipp;xsd</Extensions>
    </Filter>
  </ItemGroup>
  <ItemGroup>
    <ClCompile Include="main.cpp">
      <Filter>Source Files</Filter>
    </ClCompile>
    <ClCompile Include="setup\RegisterSunBakerSolver.cpp">
      <Filter>Source Files</Filter>
    </ClCompile>
    <ClCompile Include="setup\RegisterCGSolver.cpp">
      <Filter>Source Files</Filter>
    </ClCompile>
    <ClCompile Include="setup\RegisterCPUBackend.cpp">
      <Filter>Source Files</Filter>
    </ClCompile>
    <ClCompile Include="ComputeOpticalFlow.cpp">
      <Filter>Source Files</Filter>
    </ClCompile>
    <ClCompile Include="setup\RegisterCPULinalg.cpp">
      <Filter>Source Files</Filter>
    </ClCompile>
    <ClCompile Include="commandline_boost\ProgramOptions.cpp">
      <Filter>Source Files</Filter>
    </ClCompile>
    <ClCompile Include="commandline_boost\SetupOptions.cpp">
      <Filter>Source Files</Filter>
    </ClCompile>
    <ClCompile Include="setup\solvers\LevelSolverContainer.cpp">
      <Filter>Source Files</Filter>
    </ClCompile>
    <ClCompile Include="setup\solvers\PyramidContainer.cpp">
      <Filter>Source Files</Filter>
    </ClCompile>
    <ClCompile Include="setup\solvers\PyramidIteratorContainer.cpp">
      <Filter>Source Files</Filter>
    </ClCompile>
    <ClCompile Include="setup\solvers\GNCSolverContainer.cpp">
      <Filter>Source Files</Filter>
    </ClCompile>
  </ItemGroup>
  <ItemGroup>
    <ClInclude Include="commandline\IClEngine.h">
      <Filter>Header Files</Filter>
    </ClInclude>
    <ClInclude Include="commandline\commands\ICLArgument.h">
      <Filter>Header Files</Filter>
    </ClInclude>
    <ClInclude Include="commandline\commands\ICLCommand.h">
      <Filter>Header Files</Filter>
    </ClInclude>
    <ClInclude Include="commandline\commands\IClOption.h">
      <Filter>Header Files</Filter>
    </ClInclude>
    <ClInclude Include="setup\RegisterSunBakerSolver.h">
      <Filter>Header Files</Filter>
    </ClInclude>
    <ClInclude Include="setup\RegisterCGSolver.h">
      <Filter>Header Files</Filter>
    </ClInclude>
    <ClInclude Include="setup\RegisterCPUBackend.h">
      <Filter>Header Files</Filter>
    </ClInclude>
    <ClInclude Include="ComputeOpticalFlow.h">
      <Filter>Header Files</Filter>
    </ClInclude>
    <ClInclude Include="setup\RegisterCPULinalg.h">
      <Filter>Header Files</Filter>
    </ClInclude>
    <ClInclude Include="commandline_boost\ProgramOptions.h">
      <Filter>Header Files</Filter>
    </ClInclude>
    <ClInclude Include="commandline_boost\SetupOptions.h">
      <Filter>Header Files</Filter>
    </ClInclude>
    <ClInclude Include="setup\solvers\LevelSolverContainer.h">
      <Filter>Header Files</Filter>
    </ClInclude>
    <ClInclude Include="setup\solvers\PyramidContainer.h">
      <Filter>Header Files</Filter>
    </ClInclude>
    <ClInclude Include="setup\solvers\PyramidIteratorContainer.h">
      <Filter>Header Files</Filter>
    </ClInclude>
    <ClInclude Include="setup\solvers\GNCSolverContainer.h">
      <Filter>Header Files</Filter>
    </ClInclude>
    <ClInclude Include="setup\solvers\SetupSolverSettings.h">
      <Filter>Header Files</Filter>
    </ClInclude>
    <ClInclude Include="user_input\makros.h">
      <Filter>Header Files</Filter>
    </ClInclude>
  </ItemGroup>
  <ItemGroup>
    <None Include="packages.config" />
  </ItemGroup>
</Project>