<?xml version="1.0" encoding="utf-8"?>
<Project ToolsVersion="4.0" xmlns="http://schemas.microsoft.com/developer/msbuild/2003">
  <ItemGroup>
    <Filter Include="Source Files">
      <UniqueIdentifier>{4FC737F1-C7A5-4376-A066-2A32D752A2FF}</UniqueIdentifier>
      <Extensions>cpp;c;cc;cxx;c++;cppm;ixx;def;odl;idl;hpj;bat;asm;asmx</Extensions>
    </Filter>
    <Filter Include="Header Files">
      <UniqueIdentifier>{93995380-89BD-4b04-88EB-625FBE52EBFB}</UniqueIdentifier>
      <Extensions>h;hh;hpp;hxx;h++;hm;inl;inc;ipp;xsd</Extensions>
    </Filter>
  </ItemGroup>
  <ItemGroup>
    <ClCompile Include="main.cpp">
      <Filter>Source Files</Filter>
    </ClCompile>
    <ClCompile Include="commandline_boost\ProgramOptions.cpp">
      <Filter>Source Files</Filter>
    </ClCompile>
    <ClCompile Include="commandline_boost\SetupOptions.cpp">
      <Filter>Source Files</Filter>
    </ClCompile>
    <ClCompile Include="json_user_input\JsonSetOptions.cpp">
      <Filter>Source Files</Filter>
    </ClCompile>
    <ClCompile Include="json_user_input\Parser\CPUBackendParser\CPUBackendParser.cpp">
      <Filter>Source Files</Filter>
    </ClCompile>
    <ClCompile Include="json_user_input\Parser\FlowContainerParser.cpp">
      <Filter>Source Files</Filter>
    </ClCompile>
    <ClCompile Include="json_user_input\Parser\PyramidContainerParser.cpp">
      <Filter>Source Files</Filter>
    </ClCompile>
    <ClCompile Include="json_user_input\Parser\LevelContainerParser.cpp">
      <Filter>Source Files</Filter>
    </ClCompile>
    <ClCompile Include="json_user_input\Parser\FlowSolverParser\GNCPenaltySolverParser.cpp">
      <Filter>Source Files</Filter>
    </ClCompile>
    <ClCompile Include="json_user_input\Parser\FlowSolverParser\LinearizationSolverParser.cpp">
      <Filter>Source Files</Filter>
    </ClCompile>
    <ClCompile Include="json_user_input\Parser\FlowSolverParser\IncrementalSolverParser.cpp">
      <Filter>Source Files</Filter>
    </ClCompile>
    <ClCompile Include="json_user_input\Parser\FlowSolverParser\CGSolverParser.cpp">
      <Filter>Source Files</Filter>
    </ClCompile>
    <ClCompile Include="json_user_input\JSONHelper.cpp">
      <Filter>Source Files</Filter>
    </ClCompile>
  </ItemGroup>
  <ItemGroup>
    <ClInclude Include="commandline\IClEngine.h">
      <Filter>Header Files</Filter>
    </ClInclude>
    <ClInclude Include="commandline\commands\ICLArgument.h">
      <Filter>Header Files</Filter>
    </ClInclude>
    <ClInclude Include="commandline\commands\ICLCommand.h">
      <Filter>Header Files</Filter>
    </ClInclude>
    <ClInclude Include="commandline\commands\IClOption.h">
      <Filter>Header Files</Filter>
    </ClInclude>
    <ClInclude Include="commandline_boost\ProgramOptions.h">
      <Filter>Header Files</Filter>
    </ClInclude>
    <ClInclude Include="commandline_boost\SetupOptions.h">
      <Filter>Header Files</Filter>
    </ClInclude>
    <ClInclude Include="setup\solvers\LevelSolverContainer.h">
      <Filter>Header Files</Filter>
    </ClInclude>
    <ClInclude Include="setup\solvers\PyramidContainer.h">
      <Filter>Header Files</Filter>
    </ClInclude>
    <ClInclude Include="setup\solvers\PyramidIteratorContainer.h">
      <Filter>Header Files</Filter>
    </ClInclude>
    <ClInclude Include="setup\solvers\GNCSolverContainer.h">
      <Filter>Header Files</Filter>
    </ClInclude>
    <ClInclude Include="setup\solvers\SetupSolverSettings.h">
      <Filter>Header Files</Filter>
    </ClInclude>
    <ClInclude Include="setup\RegisterCGSolver.h">
      <Filter>Header Files</Filter>
    </ClInclude>
    <ClInclude Include="setup\RegisterCPUBackend.h">
      <Filter>Header Files</Filter>
    </ClInclude>
    <ClInclude Include="setup\RegisterCPULinalg.h">
      <Filter>Header Files</Filter>
    </ClInclude>
    <ClInclude Include="setup\RegisterSunBakerSolver.h">
      <Filter>Header Files</Filter>
    </ClInclude>
    <ClInclude Include="json_user_input\JsonSetOptions.h">
      <Filter>Header Files</Filter>
    </ClInclude>
    <ClInclude Include="json_user_input\Parser\CPUBackendParser\CPUBackendParser.h">
      <Filter>Header Files</Filter>
    </ClInclude>
    <ClInclude Include="json_user_input\Parser\FlowContainerParser.h">
      <Filter>Header Files</Filter>
    </ClInclude>
    <ClInclude Include="json_user_input\Parser\PyramidContainerParser.h">
      <Filter>Header Files</Filter>
    </ClInclude>
    <ClInclude Include="json_user_input\Parser\LevelContainerParser.h">
      <Filter>Header Files</Filter>
    </ClInclude>
    <ClInclude Include="json_user_input\Parser\FlowSolverParser\GNCPenaltySolverParser.h">
      <Filter>Header Files</Filter>
    </ClInclude>
    <ClInclude Include="json_user_input\Parser\FlowSolverParser\LinearizationSolverParser.h">
      <Filter>Header Files</Filter>
    </ClInclude>
    <ClInclude Include="json_user_input\Parser\FlowSolverParser\IncrementalSolverParser.h">
      <Filter>Header Files</Filter>
    </ClInclude>
    <ClInclude Include="json_user_input\Parser\FlowSolverParser\CGSolverParser.h">
      <Filter>Header Files</Filter>
    </ClInclude>
    <ClInclude Include="json_user_input\JSONHelper.h">
      <Filter>Header Files</Filter>
    </ClInclude>
  </ItemGroup>
  <ItemGroup>
    <None Include="packages.config" />
    <None Include="temp_json_input.json" />
  </ItemGroup>
</Project>