<?xml version="1.0" encoding="utf-8"?>
<Project ToolsVersion="4.0" xmlns="http://schemas.microsoft.com/developer/msbuild/2003">
  <ItemGroup>
    <ClCompile Include="array_test.cpp" />
    <ClCompile Include="main.cpp" />
    <ClCompile Include="$(MSBuildThisFileDirectory)..\..\lib\native\src\gtest\gtest-all.cc" />
    <ClCompile Include="$(MSBuildThisFileDirectory)..\..\lib\native\src\gmock\gmock-all.cc" />
    <ClCompile Include="image\inner\convolution1DTest.cpp" />
    <ClCompile Include="image\GrayWarperTest.cpp" />
    <ClCompile Include="linalg\ArithmeticBasic_test.cpp" />
    <ClCompile Include="linalg\ArithmeticChained_Test.cpp" />
    <ClCompile Include="linalg\ArithmeticVector_Test.cpp" />
    <ClCompile Include="sb_linearsystem\SunBakerLinSystemTest.cpp" />
    <ClCompile Include="image\inner\convolution2DTest.cpp" />
    <ClCompile Include="image\inner\DerivativeTest.cpp" />
    <ClCompile Include="Reshape_Test.cpp" />
    <ClCompile Include="image\inner\WarpLinearColorTest.cpp" />
    <ClCompile Include="flow\CrossBilateralMedianFilterTest.cpp" />
    <ClCompile Include="flow\BilateralMedianFilterTest.cpp" />
    <ClCompile Include="flow\OcclusionTest.cpp" />
  </ItemGroup>
  <ItemGroup>
    <None Include="packages.config" />
  </ItemGroup>
</Project>