<?xml version="1.0" encoding="utf-8"?>
<Project ToolsVersion="4.0" xmlns="http://schemas.microsoft.com/developer/msbuild/2003">
  <ItemGroup>
    <ClCompile Include="solvers\GNCPenaltySolver.cpp" />
    <ClCompile Include="pch.cpp" />
    <ClCompile Include="solvers\PyramidSolver.cpp" />
    <ClCompile Include="solvers\IncrementalSolver.cpp" />
    <ClCompile Include="solvers\LinearizationSolver.cpp" />
  </ItemGroup>
  <ItemGroup>
    <ClInclude Include="framework.h" />
    <ClInclude Include="solvers\GNCPenaltySolver.h" />
    <ClInclude Include="solvers\IFlowSolverFactory.h" />
    <ClInclude Include="pch.h" />
    <ClInclude Include="solvers\PyramidSolver.h" />
    <ClInclude Include="solvers\IncrementalSolver.h" />
    <ClInclude Include="solvers\LinearizationSolver.h" />
    <ClInclude Include="linearsystems\ISunBakerLSBuilder.h" />
  </ItemGroup>
</Project>