<?xml version="1.0" encoding="utf-8"?>
<Project ToolsVersion="4.0" xmlns="http://schemas.microsoft.com/developer/msbuild/2003">
  <ItemGroup>
    <Filter Include="Source Files">
      <UniqueIdentifier>{4FC737F1-C7A5-4376-A066-2A32D752A2FF}</UniqueIdentifier>
      <Extensions>cpp;c;cc;cxx;c++;cppm;ixx;def;odl;idl;hpj;bat;asm;asmx</Extensions>
    </Filter>
    <Filter Include="Header Files">
      <UniqueIdentifier>{93995380-89BD-4b04-88EB-625FBE52EBFB}</UniqueIdentifier>
      <Extensions>h;hh;hpp;hxx;h++;hm;inl;inc;ipp;xsd</Extensions>
    </Filter>
  </ItemGroup>
  <ItemGroup>
    <ClInclude Include="ContainerInstaller.h">
      <Filter>Header Files</Filter>
    </ClInclude>
    <ClInclude Include="ContainerOptions.h">
      <Filter>Header Files</Filter>
    </ClInclude>
    <ClInclude Include="FlowSolverInstaller.h">
      <Filter>Header Files</Filter>
    </ClInclude>
    <ClInclude Include="FlowSolverOptions.h">
      <Filter>Header Files</Filter>
    </ClInclude>
    <ClInclude Include="FlowSolverInstallers\GNCSolverContainer.h">
      <Filter>Header Files</Filter>
    </ClInclude>
    <ClInclude Include="FlowSolverInstallers\LevelSolverContainer.h">
      <Filter>Header Files</Filter>
    </ClInclude>
    <ClInclude Include="FlowSolverInstallers\PyramidContainer.h">
      <Filter>Header Files</Filter>
    </ClInclude>
    <ClInclude Include="FlowSolverInstallers\PyramidIteratorContainer.h">
      <Filter>Header Files</Filter>
    </ClInclude>
    <ClInclude Include="CPUBackendInstaller.h">
      <Filter>Header Files</Filter>
    </ClInclude>
    <ClInclude Include="CPUBackendOptions.h">
      <Filter>Header Files</Filter>
    </ClInclude>
    <ClInclude Include="CPUBackendInstallers\RegisterCPUBackend.h">
      <Filter>Header Files</Filter>
    </ClInclude>
    <ClInclude Include="CPUBackendInstallers\RegisterCPULinalg.h">
      <Filter>Header Files</Filter>
    </ClInclude>
    <ClInclude Include="Backends.h">
      <Filter>Header Files</Filter>
    </ClInclude>
  </ItemGroup>
  <ItemGroup>
    <ClCompile Include="ContainerInstaller.cpp">
      <Filter>Source Files</Filter>
    </ClCompile>
    <ClCompile Include="FlowSolverInstaller.cpp">
      <Filter>Source Files</Filter>
    </ClCompile>
    <ClCompile Include="FlowSolverInstallers\GNCSolverContainer.cpp">
      <Filter>Source Files</Filter>
    </ClCompile>
    <ClCompile Include="FlowSolverInstallers\LevelSolverContainer.cpp">
      <Filter>Source Files</Filter>
    </ClCompile>
    <ClCompile Include="FlowSolverInstallers\PyramidContainer.cpp">
      <Filter>Source Files</Filter>
    </ClCompile>
    <ClCompile Include="FlowSolverInstallers\PyramidIteratorContainer.cpp">
      <Filter>Source Files</Filter>
    </ClCompile>
    <ClCompile Include="CPUBackendInstaller.cpp">
      <Filter>Source Files</Filter>
    </ClCompile>
    <ClCompile Include="CPUBackendOptions.cpp">
      <Filter>Source Files</Filter>
    </ClCompile>
    <ClCompile Include="CPUBackendInstallers\RegisterCPUBackend.cpp">
      <Filter>Source Files</Filter>
    </ClCompile>
    <ClCompile Include="CPUBackendInstallers\RegisterCPULinalg.cpp">
      <Filter>Source Files</Filter>
    </ClCompile>
  </ItemGroup>
  <ItemGroup>
    <None Include="packages.config" />
  </ItemGroup>
</Project>