
Microsoft Visual Studio Solution File, Format Version 12.00
# Visual Studio Version 16
VisualStudioVersion = 16.0.30204.135
MinimumVisualStudioVersion = 10.0.40219.1
Project("{8BC9CEB8-8B4A-11D0-8D11-00A0C91BC942}") = "core", "core\core.vcxproj", "{F7E80072-58DD-410B-827E-F95E620AF895}"
EndProject
Project("{8BC9CEB8-8B4A-11D0-8D11-00A0C91BC942}") = "cpu_backend", "cpu_backend\cpu_backend.vcxproj", "{858A1F7F-71CD-49EB-9228-A3AE91925C53}"
EndProject
Project("{2150E333-8FDC-42A3-9474-1A3956D46DE8}") = "unit_tests", "unit_tests", "{0D4C8FCB-B7B6-4FD4-ABB8-76589C981313}"
EndProject
Project("{8BC9CEB8-8B4A-11D0-8D11-00A0C91BC942}") = "core_mock_adaptor", "unit_tests\core_mock_adaptor\core_mock_adaptor.vcxproj", "{2B35496F-B03B-4769-8ADF-468E179D33FD}"
EndProject
Project("{8BC9CEB8-8B4A-11D0-8D11-00A0C91BC942}") = "optflow_solvers", "optflow_solvers\optflow_solvers.vcxproj", "{7FB25F03-7D47-4FE3-8EAA-1776578AE8FF}"
EndProject
Project("{8BC9CEB8-8B4A-11D0-8D11-00A0C91BC942}") = "optflow_solvers_test", "unit_tests\optflow_solvers_tests\optflow_solver_tests.vcxproj", "{DCD08E75-06AB-4C03-85D0-5CC919B131D4}"
EndProject
Project("{8BC9CEB8-8B4A-11D0-8D11-00A0C91BC942}") = "cpu_backend_test", "unit_tests\cpu_backend_test\cpu_backend_test\cpu_backend_test.vcxproj", "{FE6AAD17-8933-4886-A47A-EF9FC188E496}"
EndProject
Project("{8BC9CEB8-8B4A-11D0-8D11-00A0C91BC942}") = "optflow_solvers_mock_adaptor", "unit_tests\optflow_solvers_mock_adaptor\optflow_solvers_mock_adaptor.vcxproj", "{12CF47A0-0502-485F-BDB0-72D80F35F3E0}"
EndProject
Project("{2150E333-8FDC-42A3-9474-1A3956D46DE8}") = "utilities", "utilities", "{0EF38D26-7AF5-4AC3-89BA-F609056E31FE}"
EndProject
Project("{2150E333-8FDC-42A3-9474-1A3956D46DE8}") = "libs", "libs", "{09C4D919-3AA4-46F0-9692-138FE74D947D}"
EndProject
Project("{8BC9CEB8-8B4A-11D0-8D11-00A0C91BC942}") = "image_helper", "utilities\image_helper\image_helper.vcxproj", "{32B2EFF3-852D-4EA6-81C7-1775F7DA9E3F}"
EndProject
Project("{8BC9CEB8-8B4A-11D0-8D11-00A0C91BC942}") = "flowcode", "libs\flowcode\flowcode.vcxproj", "{696D863B-EB26-4F6A-9548-CD87C71AD81E}"
EndProject
Project("{2150E333-8FDC-42A3-9474-1A3956D46DE8}") = "tests", "tests", "{129C2AFB-D7D1-4469-8E0E-29788541ACD7}"
EndProject
Project("{8BC9CEB8-8B4A-11D0-8D11-00A0C91BC942}") = "color_flow_test", "libs\tests\color_flow_test\color_flow_test.vcxproj", "{E73014E2-EE5F-4049-AF96-FF1D6C0275FF}"
EndProject
Project("{8BC9CEB8-8B4A-11D0-8D11-00A0C91BC942}") = "color_code_test", "libs\tests\color_code_test\color_code_test.vcxproj", "{56517A5D-6436-4082-AF13-2EAF9C2E07A9}"
EndProject
Project("{8BC9CEB8-8B4A-11D0-8D11-00A0C91BC942}") = "imageLib", "libs\imageLib\imageLib.vcxproj", "{A14F6A61-8E9D-4929-A3FD-F497E82F88BA}"
EndProject
Project("{8BC9CEB8-8B4A-11D0-8D11-00A0C91BC942}") = "util_image_helper_test", "unit_tests\util_image_helper\util_image_helper.vcxproj", "{A6C94378-F0CE-492E-B142-95FEF92D8823}"
EndProject
Project("{8BC9CEB8-8B4A-11D0-8D11-00A0C91BC942}") = "util_flow_helper_test", "unit_tests\util_flow_helper_test\util_flow_helper_test.vcxproj", "{D10AFBD2-1E11-4DB2-B732-D69EBF56FB3F}"
EndProject
Project("{8BC9CEB8-8B4A-11D0-8D11-00A0C91BC942}") = "flow_helper", "utilities\flow_helper\flow_helper.vcxproj", "{0E88C56F-28F0-4B91-8232-29C507145C89}"
EndProject
Project("{8BC9CEB8-8B4A-11D0-8D11-00A0C91BC942}") = "test_utilities", "unit_tests\test_utilities\test_utilities.vcxproj", "{C318C950-18CB-4818-B8C3-61E51B095A00}"
EndProject
Project("{8BC9CEB8-8B4A-11D0-8D11-00A0C91BC942}") = "Hypodermic", "libs\Hypodermic\Hypodermic.vcxproj", "{8DBC5914-BB29-46A9-B50C-4C37EA34C849}"
EndProject
Project("{8BC9CEB8-8B4A-11D0-8D11-00A0C91BC942}") = "Hypodermic.Tests", "libs\tests\Hypodermic.Tests\Hypodermic.Tests.vcxproj", "{D80AD667-D335-49F7-BA0E-23A66616A977}"
EndProject
Global
	GlobalSection(SolutionConfigurationPlatforms) = preSolution
		Debug|Any CPU = Debug|Any CPU
		Debug|x64 = Debug|x64
		Debug|x86 = Debug|x86
		Release|Any CPU = Release|Any CPU
		Release|x64 = Release|x64
		Release|x86 = Release|x86
	EndGlobalSection
	GlobalSection(ProjectConfigurationPlatforms) = postSolution
		{F7E80072-58DD-410B-827E-F95E620AF895}.Debug|Any CPU.ActiveCfg = Debug|Win32
		{F7E80072-58DD-410B-827E-F95E620AF895}.Debug|x64.ActiveCfg = Debug|x64
		{F7E80072-58DD-410B-827E-F95E620AF895}.Debug|x64.Build.0 = Debug|x64
		{F7E80072-58DD-410B-827E-F95E620AF895}.Debug|x86.ActiveCfg = Debug|Win32
		{F7E80072-58DD-410B-827E-F95E620AF895}.Debug|x86.Build.0 = Debug|Win32
		{F7E80072-58DD-410B-827E-F95E620AF895}.Release|Any CPU.ActiveCfg = Release|Win32
		{F7E80072-58DD-410B-827E-F95E620AF895}.Release|x64.ActiveCfg = Release|x64
		{F7E80072-58DD-410B-827E-F95E620AF895}.Release|x64.Build.0 = Release|x64
		{F7E80072-58DD-410B-827E-F95E620AF895}.Release|x86.ActiveCfg = Release|Win32
		{F7E80072-58DD-410B-827E-F95E620AF895}.Release|x86.Build.0 = Release|Win32
		{858A1F7F-71CD-49EB-9228-A3AE91925C53}.Debug|Any CPU.ActiveCfg = Debug|Win32
		{858A1F7F-71CD-49EB-9228-A3AE91925C53}.Debug|x64.ActiveCfg = Debug|x64
		{858A1F7F-71CD-49EB-9228-A3AE91925C53}.Debug|x64.Build.0 = Debug|x64
		{858A1F7F-71CD-49EB-9228-A3AE91925C53}.Debug|x86.ActiveCfg = Debug|Win32
		{858A1F7F-71CD-49EB-9228-A3AE91925C53}.Debug|x86.Build.0 = Debug|Win32
		{858A1F7F-71CD-49EB-9228-A3AE91925C53}.Release|Any CPU.ActiveCfg = Release|Win32
		{858A1F7F-71CD-49EB-9228-A3AE91925C53}.Release|x64.ActiveCfg = Release|x64
		{858A1F7F-71CD-49EB-9228-A3AE91925C53}.Release|x64.Build.0 = Release|x64
		{858A1F7F-71CD-49EB-9228-A3AE91925C53}.Release|x86.ActiveCfg = Release|Win32
		{858A1F7F-71CD-49EB-9228-A3AE91925C53}.Release|x86.Build.0 = Release|Win32
		{2B35496F-B03B-4769-8ADF-468E179D33FD}.Debug|Any CPU.ActiveCfg = Debug|Win32
		{2B35496F-B03B-4769-8ADF-468E179D33FD}.Debug|x64.ActiveCfg = Debug|x64
		{2B35496F-B03B-4769-8ADF-468E179D33FD}.Debug|x64.Build.0 = Debug|x64
		{2B35496F-B03B-4769-8ADF-468E179D33FD}.Debug|x86.ActiveCfg = Debug|Win32
		{2B35496F-B03B-4769-8ADF-468E179D33FD}.Debug|x86.Build.0 = Debug|Win32
		{2B35496F-B03B-4769-8ADF-468E179D33FD}.Release|Any CPU.ActiveCfg = Release|Win32
		{2B35496F-B03B-4769-8ADF-468E179D33FD}.Release|x64.ActiveCfg = Release|x64
		{2B35496F-B03B-4769-8ADF-468E179D33FD}.Release|x64.Build.0 = Release|x64
		{2B35496F-B03B-4769-8ADF-468E179D33FD}.Release|x86.ActiveCfg = Release|Win32
		{2B35496F-B03B-4769-8ADF-468E179D33FD}.Release|x86.Build.0 = Release|Win32
		{7FB25F03-7D47-4FE3-8EAA-1776578AE8FF}.Debug|Any CPU.ActiveCfg = Debug|Win32
		{7FB25F03-7D47-4FE3-8EAA-1776578AE8FF}.Debug|x64.ActiveCfg = Debug|x64
		{7FB25F03-7D47-4FE3-8EAA-1776578AE8FF}.Debug|x64.Build.0 = Debug|x64
		{7FB25F03-7D47-4FE3-8EAA-1776578AE8FF}.Debug|x86.ActiveCfg = Debug|Win32
		{7FB25F03-7D47-4FE3-8EAA-1776578AE8FF}.Debug|x86.Build.0 = Debug|Win32
		{7FB25F03-7D47-4FE3-8EAA-1776578AE8FF}.Release|Any CPU.ActiveCfg = Release|Win32
		{7FB25F03-7D47-4FE3-8EAA-1776578AE8FF}.Release|x64.ActiveCfg = Release|x64
		{7FB25F03-7D47-4FE3-8EAA-1776578AE8FF}.Release|x64.Build.0 = Release|x64
		{7FB25F03-7D47-4FE3-8EAA-1776578AE8FF}.Release|x86.ActiveCfg = Release|Win32
		{7FB25F03-7D47-4FE3-8EAA-1776578AE8FF}.Release|x86.Build.0 = Release|Win32
		{DCD08E75-06AB-4C03-85D0-5CC919B131D4}.Debug|Any CPU.ActiveCfg = Debug|Win32
		{DCD08E75-06AB-4C03-85D0-5CC919B131D4}.Debug|x64.ActiveCfg = Debug|x64
		{DCD08E75-06AB-4C03-85D0-5CC919B131D4}.Debug|x64.Build.0 = Debug|x64
		{DCD08E75-06AB-4C03-85D0-5CC919B131D4}.Debug|x86.ActiveCfg = Debug|Win32
		{DCD08E75-06AB-4C03-85D0-5CC919B131D4}.Debug|x86.Build.0 = Debug|Win32
		{DCD08E75-06AB-4C03-85D0-5CC919B131D4}.Release|Any CPU.ActiveCfg = Release|Win32
		{DCD08E75-06AB-4C03-85D0-5CC919B131D4}.Release|x64.ActiveCfg = Release|x64
		{DCD08E75-06AB-4C03-85D0-5CC919B131D4}.Release|x64.Build.0 = Release|x64
		{DCD08E75-06AB-4C03-85D0-5CC919B131D4}.Release|x86.ActiveCfg = Release|Win32
		{DCD08E75-06AB-4C03-85D0-5CC919B131D4}.Release|x86.Build.0 = Release|Win32
		{FE6AAD17-8933-4886-A47A-EF9FC188E496}.Debug|Any CPU.ActiveCfg = Debug|Win32
		{FE6AAD17-8933-4886-A47A-EF9FC188E496}.Debug|x64.ActiveCfg = Debug|x64
		{FE6AAD17-8933-4886-A47A-EF9FC188E496}.Debug|x64.Build.0 = Debug|x64
		{FE6AAD17-8933-4886-A47A-EF9FC188E496}.Debug|x86.ActiveCfg = Debug|Win32
		{FE6AAD17-8933-4886-A47A-EF9FC188E496}.Debug|x86.Build.0 = Debug|Win32
		{FE6AAD17-8933-4886-A47A-EF9FC188E496}.Release|Any CPU.ActiveCfg = Release|Win32
		{FE6AAD17-8933-4886-A47A-EF9FC188E496}.Release|x64.ActiveCfg = Release|x64
		{FE6AAD17-8933-4886-A47A-EF9FC188E496}.Release|x64.Build.0 = Release|x64
		{FE6AAD17-8933-4886-A47A-EF9FC188E496}.Release|x86.ActiveCfg = Release|Win32
		{FE6AAD17-8933-4886-A47A-EF9FC188E496}.Release|x86.Build.0 = Release|Win32
		{12CF47A0-0502-485F-BDB0-72D80F35F3E0}.Debug|Any CPU.ActiveCfg = Debug|Win32
		{12CF47A0-0502-485F-BDB0-72D80F35F3E0}.Debug|x64.ActiveCfg = Debug|x64
		{12CF47A0-0502-485F-BDB0-72D80F35F3E0}.Debug|x64.Build.0 = Debug|x64
		{12CF47A0-0502-485F-BDB0-72D80F35F3E0}.Debug|x86.ActiveCfg = Debug|Win32
		{12CF47A0-0502-485F-BDB0-72D80F35F3E0}.Debug|x86.Build.0 = Debug|Win32
		{12CF47A0-0502-485F-BDB0-72D80F35F3E0}.Release|Any CPU.ActiveCfg = Release|Win32
		{12CF47A0-0502-485F-BDB0-72D80F35F3E0}.Release|x64.ActiveCfg = Release|x64
		{12CF47A0-0502-485F-BDB0-72D80F35F3E0}.Release|x64.Build.0 = Release|x64
		{12CF47A0-0502-485F-BDB0-72D80F35F3E0}.Release|x86.ActiveCfg = Release|Win32
		{12CF47A0-0502-485F-BDB0-72D80F35F3E0}.Release|x86.Build.0 = Release|Win32
		{32B2EFF3-852D-4EA6-81C7-1775F7DA9E3F}.Debug|Any CPU.ActiveCfg = Debug|Win32
		{32B2EFF3-852D-4EA6-81C7-1775F7DA9E3F}.Debug|x64.ActiveCfg = Debug|x64
		{32B2EFF3-852D-4EA6-81C7-1775F7DA9E3F}.Debug|x64.Build.0 = Debug|x64
		{32B2EFF3-852D-4EA6-81C7-1775F7DA9E3F}.Debug|x86.ActiveCfg = Debug|Win32
		{32B2EFF3-852D-4EA6-81C7-1775F7DA9E3F}.Debug|x86.Build.0 = Debug|Win32
		{32B2EFF3-852D-4EA6-81C7-1775F7DA9E3F}.Release|Any CPU.ActiveCfg = Release|Win32
		{32B2EFF3-852D-4EA6-81C7-1775F7DA9E3F}.Release|x64.ActiveCfg = Release|x64
		{32B2EFF3-852D-4EA6-81C7-1775F7DA9E3F}.Release|x64.Build.0 = Release|x64
		{32B2EFF3-852D-4EA6-81C7-1775F7DA9E3F}.Release|x86.ActiveCfg = Release|Win32
		{32B2EFF3-852D-4EA6-81C7-1775F7DA9E3F}.Release|x86.Build.0 = Release|Win32
		{696D863B-EB26-4F6A-9548-CD87C71AD81E}.Debug|Any CPU.ActiveCfg = Debug|Win32
		{696D863B-EB26-4F6A-9548-CD87C71AD81E}.Debug|x64.ActiveCfg = Debug|x64
		{696D863B-EB26-4F6A-9548-CD87C71AD81E}.Debug|x64.Build.0 = Debug|x64
		{696D863B-EB26-4F6A-9548-CD87C71AD81E}.Debug|x86.ActiveCfg = Debug|Win32
		{696D863B-EB26-4F6A-9548-CD87C71AD81E}.Debug|x86.Build.0 = Debug|Win32
		{696D863B-EB26-4F6A-9548-CD87C71AD81E}.Release|Any CPU.ActiveCfg = Release|Win32
		{696D863B-EB26-4F6A-9548-CD87C71AD81E}.Release|x64.ActiveCfg = Release|x64
		{696D863B-EB26-4F6A-9548-CD87C71AD81E}.Release|x64.Build.0 = Release|x64
		{696D863B-EB26-4F6A-9548-CD87C71AD81E}.Release|x86.ActiveCfg = Release|Win32
		{696D863B-EB26-4F6A-9548-CD87C71AD81E}.Release|x86.Build.0 = Release|Win32
		{E73014E2-EE5F-4049-AF96-FF1D6C0275FF}.Debug|Any CPU.ActiveCfg = Debug|Win32
		{E73014E2-EE5F-4049-AF96-FF1D6C0275FF}.Debug|x64.ActiveCfg = Debug|x64
		{E73014E2-EE5F-4049-AF96-FF1D6C0275FF}.Debug|x64.Build.0 = Debug|x64
		{E73014E2-EE5F-4049-AF96-FF1D6C0275FF}.Debug|x86.ActiveCfg = Debug|Win32
		{E73014E2-EE5F-4049-AF96-FF1D6C0275FF}.Debug|x86.Build.0 = Debug|Win32
		{E73014E2-EE5F-4049-AF96-FF1D6C0275FF}.Release|Any CPU.ActiveCfg = Release|Win32
		{E73014E2-EE5F-4049-AF96-FF1D6C0275FF}.Release|x64.ActiveCfg = Release|x64
		{E73014E2-EE5F-4049-AF96-FF1D6C0275FF}.Release|x64.Build.0 = Release|x64
		{E73014E2-EE5F-4049-AF96-FF1D6C0275FF}.Release|x86.ActiveCfg = Release|Win32
		{E73014E2-EE5F-4049-AF96-FF1D6C0275FF}.Release|x86.Build.0 = Release|Win32
		{56517A5D-6436-4082-AF13-2EAF9C2E07A9}.Debug|Any CPU.ActiveCfg = Debug|Win32
		{56517A5D-6436-4082-AF13-2EAF9C2E07A9}.Debug|x64.ActiveCfg = Debug|x64
		{56517A5D-6436-4082-AF13-2EAF9C2E07A9}.Debug|x64.Build.0 = Debug|x64
		{56517A5D-6436-4082-AF13-2EAF9C2E07A9}.Debug|x86.ActiveCfg = Debug|Win32
		{56517A5D-6436-4082-AF13-2EAF9C2E07A9}.Debug|x86.Build.0 = Debug|Win32
		{56517A5D-6436-4082-AF13-2EAF9C2E07A9}.Release|Any CPU.ActiveCfg = Release|Win32
		{56517A5D-6436-4082-AF13-2EAF9C2E07A9}.Release|x64.ActiveCfg = Release|x64
		{56517A5D-6436-4082-AF13-2EAF9C2E07A9}.Release|x64.Build.0 = Release|x64
		{56517A5D-6436-4082-AF13-2EAF9C2E07A9}.Release|x86.ActiveCfg = Release|Win32
		{56517A5D-6436-4082-AF13-2EAF9C2E07A9}.Release|x86.Build.0 = Release|Win32
		{A14F6A61-8E9D-4929-A3FD-F497E82F88BA}.Debug|Any CPU.ActiveCfg = Debug|Win32
		{A14F6A61-8E9D-4929-A3FD-F497E82F88BA}.Debug|x64.ActiveCfg = Debug|x64
		{A14F6A61-8E9D-4929-A3FD-F497E82F88BA}.Debug|x64.Build.0 = Debug|x64
		{A14F6A61-8E9D-4929-A3FD-F497E82F88BA}.Debug|x86.ActiveCfg = Debug|Win32
		{A14F6A61-8E9D-4929-A3FD-F497E82F88BA}.Debug|x86.Build.0 = Debug|Win32
		{A14F6A61-8E9D-4929-A3FD-F497E82F88BA}.Release|Any CPU.ActiveCfg = Release|Win32
		{A14F6A61-8E9D-4929-A3FD-F497E82F88BA}.Release|x64.ActiveCfg = Release|x64
		{A14F6A61-8E9D-4929-A3FD-F497E82F88BA}.Release|x64.Build.0 = Release|x64
		{A14F6A61-8E9D-4929-A3FD-F497E82F88BA}.Release|x86.ActiveCfg = Release|Win32
		{A14F6A61-8E9D-4929-A3FD-F497E82F88BA}.Release|x86.Build.0 = Release|Win32
		{A6C94378-F0CE-492E-B142-95FEF92D8823}.Debug|Any CPU.ActiveCfg = Debug|Win32
		{A6C94378-F0CE-492E-B142-95FEF92D8823}.Debug|x64.ActiveCfg = Debug|x64
		{A6C94378-F0CE-492E-B142-95FEF92D8823}.Debug|x64.Build.0 = Debug|x64
		{A6C94378-F0CE-492E-B142-95FEF92D8823}.Debug|x86.ActiveCfg = Debug|Win32
		{A6C94378-F0CE-492E-B142-95FEF92D8823}.Debug|x86.Build.0 = Debug|Win32
		{A6C94378-F0CE-492E-B142-95FEF92D8823}.Release|Any CPU.ActiveCfg = Release|Win32
		{A6C94378-F0CE-492E-B142-95FEF92D8823}.Release|x64.ActiveCfg = Release|x64
		{A6C94378-F0CE-492E-B142-95FEF92D8823}.Release|x64.Build.0 = Release|x64
		{A6C94378-F0CE-492E-B142-95FEF92D8823}.Release|x86.ActiveCfg = Release|Win32
		{A6C94378-F0CE-492E-B142-95FEF92D8823}.Release|x86.Build.0 = Release|Win32
		{D10AFBD2-1E11-4DB2-B732-D69EBF56FB3F}.Debug|Any CPU.ActiveCfg = Debug|Win32
		{D10AFBD2-1E11-4DB2-B732-D69EBF56FB3F}.Debug|x64.ActiveCfg = Debug|x64
		{D10AFBD2-1E11-4DB2-B732-D69EBF56FB3F}.Debug|x64.Build.0 = Debug|x64
		{D10AFBD2-1E11-4DB2-B732-D69EBF56FB3F}.Debug|x86.ActiveCfg = Debug|Win32
		{D10AFBD2-1E11-4DB2-B732-D69EBF56FB3F}.Debug|x86.Build.0 = Debug|Win32
		{D10AFBD2-1E11-4DB2-B732-D69EBF56FB3F}.Release|Any CPU.ActiveCfg = Release|Win32
		{D10AFBD2-1E11-4DB2-B732-D69EBF56FB3F}.Release|x64.ActiveCfg = Release|x64
		{D10AFBD2-1E11-4DB2-B732-D69EBF56FB3F}.Release|x64.Build.0 = Release|x64
		{D10AFBD2-1E11-4DB2-B732-D69EBF56FB3F}.Release|x86.ActiveCfg = Release|Win32
		{D10AFBD2-1E11-4DB2-B732-D69EBF56FB3F}.Release|x86.Build.0 = Release|Win32
		{0E88C56F-28F0-4B91-8232-29C507145C89}.Debug|Any CPU.ActiveCfg = Debug|Win32
		{0E88C56F-28F0-4B91-8232-29C507145C89}.Debug|x64.ActiveCfg = Debug|x64
		{0E88C56F-28F0-4B91-8232-29C507145C89}.Debug|x64.Build.0 = Debug|x64
		{0E88C56F-28F0-4B91-8232-29C507145C89}.Debug|x86.ActiveCfg = Debug|Win32
		{0E88C56F-28F0-4B91-8232-29C507145C89}.Debug|x86.Build.0 = Debug|Win32
		{0E88C56F-28F0-4B91-8232-29C507145C89}.Release|Any CPU.ActiveCfg = Release|Win32
		{0E88C56F-28F0-4B91-8232-29C507145C89}.Release|x64.ActiveCfg = Release|x64
		{0E88C56F-28F0-4B91-8232-29C507145C89}.Release|x64.Build.0 = Release|x64
		{0E88C56F-28F0-4B91-8232-29C507145C89}.Release|x86.ActiveCfg = Release|Win32
		{0E88C56F-28F0-4B91-8232-29C507145C89}.Release|x86.Build.0 = Release|Win32
		{C318C950-18CB-4818-B8C3-61E51B095A00}.Debug|Any CPU.ActiveCfg = Debug|Win32
		{C318C950-18CB-4818-B8C3-61E51B095A00}.Debug|x64.ActiveCfg = Debug|x64
		{C318C950-18CB-4818-B8C3-61E51B095A00}.Debug|x64.Build.0 = Debug|x64
		{C318C950-18CB-4818-B8C3-61E51B095A00}.Debug|x86.ActiveCfg = Debug|Win32
		{C318C950-18CB-4818-B8C3-61E51B095A00}.Debug|x86.Build.0 = Debug|Win32
		{C318C950-18CB-4818-B8C3-61E51B095A00}.Release|Any CPU.ActiveCfg = Release|Win32
		{C318C950-18CB-4818-B8C3-61E51B095A00}.Release|x64.ActiveCfg = Release|x64
		{C318C950-18CB-4818-B8C3-61E51B095A00}.Release|x64.Build.0 = Release|x64
		{C318C950-18CB-4818-B8C3-61E51B095A00}.Release|x86.ActiveCfg = Release|Win32
		{C318C950-18CB-4818-B8C3-61E51B095A00}.Release|x86.Build.0 = Release|Win32
		{8DBC5914-BB29-46A9-B50C-4C37EA34C849}.Debug|Any CPU.ActiveCfg = Debug|Win32
		{8DBC5914-BB29-46A9-B50C-4C37EA34C849}.Debug|x64.ActiveCfg = Debug|x64
		{8DBC5914-BB29-46A9-B50C-4C37EA34C849}.Debug|x64.Build.0 = Debug|x64
		{8DBC5914-BB29-46A9-B50C-4C37EA34C849}.Debug|x86.ActiveCfg = Debug|Win32
		{8DBC5914-BB29-46A9-B50C-4C37EA34C849}.Debug|x86.Build.0 = Debug|Win32
		{8DBC5914-BB29-46A9-B50C-4C37EA34C849}.Release|Any CPU.ActiveCfg = Release|Win32
		{8DBC5914-BB29-46A9-B50C-4C37EA34C849}.Release|x64.ActiveCfg = Release|x64
		{8DBC5914-BB29-46A9-B50C-4C37EA34C849}.Release|x64.Build.0 = Release|x64
		{8DBC5914-BB29-46A9-B50C-4C37EA34C849}.Release|x86.ActiveCfg = Release|Win32
		{8DBC5914-BB29-46A9-B50C-4C37EA34C849}.Release|x86.Build.0 = Release|Win32
		{D80AD667-D335-49F7-BA0E-23A66616A977}.Debug|Any CPU.ActiveCfg = Debug|Win32
		{D80AD667-D335-49F7-BA0E-23A66616A977}.Debug|x64.ActiveCfg = Debug|x64
		{D80AD667-D335-49F7-BA0E-23A66616A977}.Debug|x64.Build.0 = Debug|x64
		{D80AD667-D335-49F7-BA0E-23A66616A977}.Debug|x86.ActiveCfg = Debug|Win32
		{D80AD667-D335-49F7-BA0E-23A66616A977}.Debug|x86.Build.0 = Debug|Win32
		{D80AD667-D335-49F7-BA0E-23A66616A977}.Release|Any CPU.ActiveCfg = Release|Win32
		{D80AD667-D335-49F7-BA0E-23A66616A977}.Release|x64.ActiveCfg = Release|x64
		{D80AD667-D335-49F7-BA0E-23A66616A977}.Release|x64.Build.0 = Release|x64
		{D80AD667-D335-49F7-BA0E-23A66616A977}.Release|x86.ActiveCfg = Release|Win32
		{D80AD667-D335-49F7-BA0E-23A66616A977}.Release|x86.Build.0 = Release|Win32
	EndGlobalSection
	GlobalSection(SolutionProperties) = preSolution
		HideSolutionNode = FALSE
	EndGlobalSection
	GlobalSection(NestedProjects) = preSolution
		{2B35496F-B03B-4769-8ADF-468E179D33FD} = {0D4C8FCB-B7B6-4FD4-ABB8-76589C981313}
		{DCD08E75-06AB-4C03-85D0-5CC919B131D4} = {0D4C8FCB-B7B6-4FD4-ABB8-76589C981313}
		{FE6AAD17-8933-4886-A47A-EF9FC188E496} = {0D4C8FCB-B7B6-4FD4-ABB8-76589C981313}
		{12CF47A0-0502-485F-BDB0-72D80F35F3E0} = {0D4C8FCB-B7B6-4FD4-ABB8-76589C981313}
		{32B2EFF3-852D-4EA6-81C7-1775F7DA9E3F} = {0EF38D26-7AF5-4AC3-89BA-F609056E31FE}
		{696D863B-EB26-4F6A-9548-CD87C71AD81E} = {09C4D919-3AA4-46F0-9692-138FE74D947D}
		{129C2AFB-D7D1-4469-8E0E-29788541ACD7} = {09C4D919-3AA4-46F0-9692-138FE74D947D}
		{E73014E2-EE5F-4049-AF96-FF1D6C0275FF} = {129C2AFB-D7D1-4469-8E0E-29788541ACD7}
		{56517A5D-6436-4082-AF13-2EAF9C2E07A9} = {129C2AFB-D7D1-4469-8E0E-29788541ACD7}
		{A14F6A61-8E9D-4929-A3FD-F497E82F88BA} = {09C4D919-3AA4-46F0-9692-138FE74D947D}
		{A6C94378-F0CE-492E-B142-95FEF92D8823} = {0D4C8FCB-B7B6-4FD4-ABB8-76589C981313}
		{D10AFBD2-1E11-4DB2-B732-D69EBF56FB3F} = {0D4C8FCB-B7B6-4FD4-ABB8-76589C981313}
		{0E88C56F-28F0-4B91-8232-29C507145C89} = {0EF38D26-7AF5-4AC3-89BA-F609056E31FE}
		{C318C950-18CB-4818-B8C3-61E51B095A00} = {0D4C8FCB-B7B6-4FD4-ABB8-76589C981313}
		{8DBC5914-BB29-46A9-B50C-4C37EA34C849} = {09C4D919-3AA4-46F0-9692-138FE74D947D}
		{D80AD667-D335-49F7-BA0E-23A66616A977} = {129C2AFB-D7D1-4469-8E0E-29788541ACD7}
	EndGlobalSection
	GlobalSection(ExtensibilityGlobals) = postSolution
		SolutionGuid = {5019E35B-0226-4479-86C4-78A65995FA9F}
	EndGlobalSection
EndGlobal
